// !$*UTF8*$!
{
	archiveVersion = 1;
	classes = {
	};
	objectVersion = 50;
	objects = {

/* Begin PBXBuildFile section */
		C588583A25908C1E001C2082 /* AppDelegate.swift in Sources */ = {isa = PBXBuildFile; fileRef = C588583925908C1E001C2082 /* AppDelegate.swift */; };
		C588583C25908C1E001C2082 /* SceneDelegate.swift in Sources */ = {isa = PBXBuildFile; fileRef = C588583B25908C1E001C2082 /* SceneDelegate.swift */; };
		C588583E25908C1E001C2082 /* ViewController.swift in Sources */ = {isa = PBXBuildFile; fileRef = C588583D25908C1E001C2082 /* ViewController.swift */; };
		C588584125908C1E001C2082 /* Main.storyboard in Resources */ = {isa = PBXBuildFile; fileRef = C588583F25908C1E001C2082 /* Main.storyboard */; };
		C588584325908C25001C2082 /* Assets.xcassets in Resources */ = {isa = PBXBuildFile; fileRef = C588584225908C25001C2082 /* Assets.xcassets */; };
		C588584625908C25001C2082 /* LaunchScreen.storyboard in Resources */ = {isa = PBXBuildFile; fileRef = C588584425908C25001C2082 /* LaunchScreen.storyboard */; };
		C588585625908FAD001C2082 /* BigViewController.swift in Sources */ = {isa = PBXBuildFile; fileRef = C588585525908FAD001C2082 /* BigViewController.swift */; };
		C588585A25917926001C2082 /* squirrel_pic.jpg in Resources */ = {isa = PBXBuildFile; fileRef = C588585725917925001C2082 /* squirrel_pic.jpg */; };
		C588585B25917926001C2082 /* dog_pic.jpg in Resources */ = {isa = PBXBuildFile; fileRef = C588585825917925001C2082 /* dog_pic.jpg */; };
		C588585C25917926001C2082 /* owl_pic.jpg in Resources */ = {isa = PBXBuildFile; fileRef = C588585925917926001C2082 /* owl_pic.jpg */; };
/* End PBXBuildFile section */

/* Begin PBXFileReference section */
		C588583625908C1E001C2082 /* SlideshowApp.app */ = {isa = PBXFileReference; explicitFileType = wrapper.application; includeInIndex = 0; path = SlideshowApp.app; sourceTree = BUILT_PRODUCTS_DIR; };
		C588583925908C1E001C2082 /* AppDelegate.swift */ = {isa = PBXFileReference; lastKnownFileType = sourcecode.swift; path = AppDelegate.swift; sourceTree = "<group>"; };
		C588583B25908C1E001C2082 /* SceneDelegate.swift */ = {isa = PBXFileReference; lastKnownFileType = sourcecode.swift; path = SceneDelegate.swift; sourceTree = "<group>"; };
		C588583D25908C1E001C2082 /* ViewController.swift */ = {isa = PBXFileReference; lastKnownFileType = sourcecode.swift; path = ViewController.swift; sourceTree = "<group>"; };
		C588584025908C1E001C2082 /* Base */ = {isa = PBXFileReference; lastKnownFileType = file.storyboard; name = Base; path = Base.lproj/Main.storyboard; sourceTree = "<group>"; };
		C588584225908C25001C2082 /* Assets.xcassets */ = {isa = PBXFileReference; lastKnownFileType = folder.assetcatalog; path = Assets.xcassets; sourceTree = "<group>"; };
		C588584525908C25001C2082 /* Base */ = {isa = PBXFileReference; lastKnownFileType = file.storyboard; name = Base; path = Base.lproj/LaunchScreen.storyboard; sourceTree = "<group>"; };
		C588584725908C25001C2082 /* Info.plist */ = {isa = PBXFileReference; lastKnownFileType = text.plist.xml; path = Info.plist; sourceTree = "<group>"; };
		C588585525908FAD001C2082 /* BigViewController.swift */ = {isa = PBXFileReference; lastKnownFileType = sourcecode.swift; path = BigViewController.swift; sourceTree = "<group>"; };
		C588585725917925001C2082 /* squirrel_pic.jpg */ = {isa = PBXFileReference; lastKnownFileType = image.jpeg; path = squirrel_pic.jpg; sourceTree = "<group>"; };
		C588585825917925001C2082 /* dog_pic.jpg */ = {isa = PBXFileReference; lastKnownFileType = image.jpeg; path = dog_pic.jpg; sourceTree = "<group>"; };
		C588585925917926001C2082 /* owl_pic.jpg */ = {isa = PBXFileReference; lastKnownFileType = image.jpeg; path = owl_pic.jpg; sourceTree = "<group>"; };
/* End PBXFileReference section */

/* Begin PBXFrameworksBuildPhase section */
		C588583325908C1E001C2082 /* Frameworks */ = {
			isa = PBXFrameworksBuildPhase;
			buildActionMask = 2147483647;
			files = (
			);
			runOnlyForDeploymentPostprocessing = 0;
		};
/* End PBXFrameworksBuildPhase section */

/* Begin PBXGroup section */
		C588582D25908C1E001C2082 = {
			isa = PBXGroup;
			children = (
				C588583825908C1E001C2082 /* SlideshowApp */,
				C588583725908C1E001C2082 /* Products */,
			);
			sourceTree = "<group>";
		};
		C588583725908C1E001C2082 /* Products */ = {
			isa = PBXGroup;
			children = (
				C588583625908C1E001C2082 /* SlideshowApp.app */,
			);
			name = Products;
			sourceTree = "<group>";
		};
		C588583825908C1E001C2082 /* SlideshowApp */ = {
			isa = PBXGroup;
			children = (
				C588583925908C1E001C2082 /* AppDelegate.swift */,
				C588583B25908C1E001C2082 /* SceneDelegate.swift */,
				C588585525908FAD001C2082 /* BigViewController.swift */,
				C588583D25908C1E001C2082 /* ViewController.swift */,
				C588583F25908C1E001C2082 /* Main.storyboard */,
				C588584225908C25001C2082 /* Assets.xcassets */,
				C588584425908C25001C2082 /* LaunchScreen.storyboard */,
				C588584725908C25001C2082 /* Info.plist */,
				C588585825917925001C2082 /* dog_pic.jpg */,
				C588585925917926001C2082 /* owl_pic.jpg */,
				C588585725917925001C2082 /* squirrel_pic.jpg */,
			);
			path = SlideshowApp;
			sourceTree = "<group>";
		};
/* End PBXGroup section */

/* Begin PBXNativeTarget section */
		C588583525908C1E001C2082 /* SlideshowApp */ = {
			isa = PBXNativeTarget;
			buildConfigurationList = C588584A25908C25001C2082 /* Build configuration list for PBXNativeTarget "SlideshowApp" */;
			buildPhases = (
				C588583225908C1E001C2082 /* Sources */,
				C588583325908C1E001C2082 /* Frameworks */,
				C588583425908C1E001C2082 /* Resources */,
			);
			buildRules = (
			);
			dependencies = (
			);
			name = SlideshowApp;
			productName = SlideshowApp;
			productReference = C588583625908C1E001C2082 /* SlideshowApp.app */;
			productType = "com.apple.product-type.application";
		};
/* End PBXNativeTarget section */

/* Begin PBXProject section */
		C588582E25908C1E001C2082 /* Project object */ = {
			isa = PBXProject;
			attributes = {
				LastSwiftUpdateCheck = 1150;
				LastUpgradeCheck = 1150;
				ORGANIZATIONNAME = "Yu iwawaki";
				TargetAttributes = {
					C588583525908C1E001C2082 = {
						CreatedOnToolsVersion = 11.5;
					};
				};
			};
			buildConfigurationList = C588583125908C1E001C2082 /* Build configuration list for PBXProject "SlideshowApp" */;
			compatibilityVersion = "Xcode 9.3";
			developmentRegion = en;
			hasScannedForEncodings = 0;
			knownRegions = (
				en,
				Base,
			);
			mainGroup = C588582D25908C1E001C2082;
			productRefGroup = C588583725908C1E001C2082 /* Products */;
			projectDirPath = "";
			projectRoot = "";
			targets = (
				C588583525908C1E001C2082 /* SlideshowApp */,
			);
		};
/* End PBXProject section */

/* Begin PBXResourcesBuildPhase section */
		C588583425908C1E001C2082 /* Resources */ = {
			isa = PBXResourcesBuildPhase;
			buildActionMask = 2147483647;
			files = (
				C588585B25917926001C2082 /* dog_pic.jpg in Resources */,
				C588585C25917926001C2082 /* owl_pic.jpg in Resources */,
				C588584625908C25001C2082 /* LaunchScreen.storyboard in Resources */,
				C588585A25917926001C2082 /* squirrel_pic.jpg in Resources */,
				C588584325908C25001C2082 /* Assets.xcassets in Resources */,
				C588584125908C1E001C2082 /* Main.storyboard in Resources */,
			);
			runOnlyForDeploymentPostprocessing = 0;
		};
/* End PBXResourcesBuildPhase section */

/* Begin PBXSourcesBuildPhase section */
		C588583225908C1E001C2082 /* Sources */ = {
			isa = PBXSourcesBuildPhase;
			buildActionMask = 2147483647;
			files = (
				C588583E25908C1E001C2082 /* ViewController.swift in Sources */,
				C588583A25908C1E001C2082 /* AppDelegate.swift in Sources */,
				C588583C25908C1E001C2082 /* SceneDelegate.swift in Sources */,
				C588585625908FAD001C2082 /* BigViewController.swift in Sources */,
			);
			runOnlyForDeploymentPostprocessing = 0;
		};
/* End PBXSourcesBuildPhase section */

/* Begin PBXVariantGroup section */
		C588583F25908C1E001C2082 /* Main.storyboard */ = {
			isa = PBXVariantGroup;
			children = (
				C588584025908C1E001C2082 /* Base */,
			);
			name = Main.storyboard;
			sourceTree = "<group>";
		};
		C588584425908C25001C2082 /* LaunchScreen.storyboard */ = {
			isa = PBXVariantGroup;
			children = (
				C588584525908C25001C2082 /* Base */,
			);
			name = LaunchScreen.storyboard;
			sourceTree = "<group>";
		};
/* End PBXVariantGroup section */

/* Begin XCBuildConfiguration section */
		C588584825908C25001C2082 /* Debug */ = {
			isa = XCBuildConfiguration;
			buildSettings = {
				ALWAYS_SEARCH_USER_PATHS = NO;
				CLANG_ANALYZER_NONNULL = YES;
				CLANG_ANALYZER_NUMBER_OBJECT_CONVERSION = YES_AGGRESSIVE;
				CLANG_CXX_LANGUAGE_STANDARD = "gnu++14";
				CLANG_CXX_LIBRARY = "libc++";
				CLANG_ENABLE_MODULES = YES;
				CLANG_ENABLE_OBJC_ARC = YES;
				CLANG_ENABLE_OBJC_WEAK = YES;
				CLANG_WARN_BLOCK_CAPTURE_AUTORELEASING = YES;
				CLANG_WARN_BOOL_CONVERSION = YES;
				CLANG_WARN_COMMA = YES;
				CLANG_WARN_CONSTANT_CONVERSION = YES;
				CLANG_WARN_DEPRECATED_OBJC_IMPLEMENTATIONS = YES;
				CLANG_WARN_DIRECT_OBJC_ISA_USAGE = YES_ERROR;
				CLANG_WARN_DOCUMENTATION_COMMENTS = YES;
				CLANG_WARN_EMPTY_BODY = YES;
				CLANG_WARN_ENUM_CONVERSION = YES;
				CLANG_WARN_INFINITE_RECURSION = YES;
				CLANG_WARN_INT_CONVERSION = YES;
				CLANG_WARN_NON_LITERAL_NULL_CONVERSION = YES;
				CLANG_WARN_OBJC_IMPLICIT_RETAIN_SELF = YES;
				CLANG_WARN_OBJC_LITERAL_CONVERSION = YES;
				CLANG_WARN_OBJC_ROOT_CLASS = YES_ERROR;
				CLANG_WARN_RANGE_LOOP_ANALYSIS = YES;
				CLANG_WARN_STRICT_PROTOTYPES = YES;
				CLANG_WARN_SUSPICIOUS_MOVE = YES;
				CLANG_WARN_UNGUARDED_AVAILABILITY = YES_AGGRESSIVE;
				CLANG_WARN_UNREACHABLE_CODE = YES;
				CLANG_WARN__DUPLICATE_METHOD_MATCH = YES;
				COPY_PHASE_STRIP = NO;
				DEBUG_INFORMATION_FORMAT = dwarf;
				ENABLE_STRICT_OBJC_MSGSEND = YES;
				ENABLE_TESTABILITY = YES;
				GCC_C_LANGUAGE_STANDARD = gnu11;
				GCC_DYNAMIC_NO_PIC = NO;
				GCC_NO_COMMON_BLOCKS = YES;
				GCC_OPTIMIZATION_LEVEL = 0;
				GCC_PREPROCESSOR_DEFINITIONS = (
					"DEBUG=1",
					"$(inherited)",
				);
				GCC_WARN_64_TO_32_BIT_CONVERSION = YES;
				GCC_WARN_ABOUT_RETURN_TYPE = YES_ERROR;
				GCC_WARN_UNDECLARED_SELECTOR = YES;
				GCC_WARN_UNINITIALIZED_AUTOS = YES_AGGRESSIVE;
				GCC_WARN_UNUSED_FUNCTION = YES;
				GCC_WARN_UNUSED_VARIABLE = YES;
				IPHONEOS_DEPLOYMENT_TARGET = 13.5;
				MTL_ENABLE_DEBUG_INFO = INCLUDE_SOURCE;
				MTL_FAST_MATH = YES;
				ONLY_ACTIVE_ARCH = YES;
				SDKROOT = iphoneos;
				SWIFT_ACTIVE_COMPILATION_CONDITIONS = DEBUG;
				SWIFT_OPTIMIZATION_LEVEL = "-Onone";
			};
			name = Debug;
		};
		C588584925908C25001C2082 /* Release */ = {
			isa = XCBuildConfiguration;
			buildSettings = {
				ALWAYS_SEARCH_USER_PATHS = NO;
				CLANG_ANALYZER_NONNULL = YES;
				CLANG_ANALYZER_NUMBER_OBJECT_CONVERSION = YES_AGGRESSIVE;
				CLANG_CXX_LANGUAGE_STANDARD = "gnu++14";
				CLANG_CXX_LIBRARY = "libc++";
				CLANG_ENABLE_MODULES = YES;
				CLANG_ENABLE_OBJC_ARC = YES;
				CLANG_ENABLE_OBJC_WEAK = YES;
				CLANG_WARN_BLOCK_CAPTURE_AUTORELEASING = YES;
				CLANG_WARN_BOOL_CONVERSION = YES;
				CLANG_WARN_COMMA = YES;
				CLANG_WARN_CONSTANT_CONVERSION = YES;
				CLANG_WARN_DEPRECATED_OBJC_IMPLEMENTATIONS = YES;
				CLANG_WARN_DIRECT_OBJC_ISA_USAGE = YES_ERROR;
				CLANG_WARN_DOCUMENTATION_COMMENTS = YES;
				CLANG_WARN_EMPTY_BODY = YES;
				CLANG_WARN_ENUM_CONVERSION = YES;
				CLANG_WARN_INFINITE_RECURSION = YES;
				CLANG_WARN_INT_CONVERSION = YES;
				CLANG_WARN_NON_LITERAL_NULL_CONVERSION = YES;
				CLANG_WARN_OBJC_IMPLICIT_RETAIN_SELF = YES;
				CLANG_WARN_OBJC_LITERAL_CONVERSION = YES;
				CLANG_WARN_OBJC_ROOT_CLASS = YES_ERROR;
				CLANG_WARN_RANGE_LOOP_ANALYSIS = YES;
				CLANG_WARN_STRICT_PROTOTYPES = YES;
				CLANG_WARN_SUSPICIOUS_MOVE = YES;
				CLANG_WARN_UNGUARDED_AVAILABILITY = YES_AGGRESSIVE;
				CLANG_WARN_UNREACHABLE_CODE = YES;
				CLANG_WARN__DUPLICATE_METHOD_MATCH = YES;
				COPY_PHASE_STRIP = NO;
				DEBUG_INFORMATION_FORMAT = "dwarf-with-dsym";
				ENABLE_NS_ASSERTIONS = NO;
				ENABLE_STRICT_OBJC_MSGSEND = YES;
				GCC_C_LANGUAGE_STANDARD = gnu11;
				GCC_NO_COMMON_BLOCKS = YES;
				GCC_WARN_64_TO_32_BIT_CONVERSION = YES;
				GCC_WARN_ABOUT_RETURN_TYPE = YES_ERROR;
				GCC_WARN_UNDECLARED_SELECTOR = YES;
				GCC_WARN_UNINITIALIZED_AUTOS = YES_AGGRESSIVE;
				GCC_WARN_UNUSED_FUNCTION = YES;
				GCC_WARN_UNUSED_VARIABLE = YES;
				IPHONEOS_DEPLOYMENT_TARGET = 13.5;
				MTL_ENABLE_DEBUG_INFO = NO;
				MTL_FAST_MATH = YES;
				SDKROOT = iphoneos;
				SWIFT_COMPILATION_MODE = wholemodule;
				SWIFT_OPTIMIZATION_LEVEL = "-O";
				VALIDATE_PRODUCT = YES;
			};
			name = Release;
		};
		C588584B25908C25001C2082 /* Debug */ = {
			isa = XCBuildConfiguration;
			buildSettings = {
				ASSETCATALOG_COMPILER_APPICON_NAME = AppIcon;
				CODE_SIGN_STYLE = Automatic;
				DEVELOPMENT_TEAM = J4A4479MKS;
				INFOPLIST_FILE = SlideshowApp/Info.plist;
				LD_RUNPATH_SEARCH_PATHS = (
					"$(inherited)",
					"@executable_path/Frameworks",
				);
				PRODUCT_BUNDLE_IDENTIFIER = jp.techacademy.yu.iwawaki.SlideshowApp;
				PRODUCT_NAME = "$(TARGET_NAME)";
				SWIFT_VERSION = 5.0;
				TARGETED_DEVICE_FAMILY = 1;
			};
			name = Debug;
		};
		C588584C25908C25001C2082 /* Release */ = {
			isa = XCBuildConfiguration;
			buildSettings = {
				ASSETCATALOG_COMPILER_APPICON_NAME = AppIcon;
				CODE_SIGN_STYLE = Automatic;
				DEVELOPMENT_TEAM = J4A4479MKS;
				INFOPLIST_FILE = SlideshowApp/Info.plist;
				LD_RUNPATH_SEARCH_PATHS = (
					"$(inherited)",
					"@executable_path/Frameworks",
				);
				PRODUCT_BUNDLE_IDENTIFIER = jp.techacademy.yu.iwawaki.SlideshowApp;
				PRODUCT_NAME = "$(TARGET_NAME)";
				SWIFT_VERSION = 5.0;
				TARGETED_DEVICE_FAMILY = 1;
			};
			name = Release;
		};
/* End XCBuildConfiguration section */

/* Begin XCConfigurationList section */
		C588583125908C1E001C2082 /* Build configuration list for PBXProject "SlideshowApp" */ = {
			isa = XCConfigurationList;
			buildConfigurations = (
				C588584825908C25001C2082 /* Debug */,
				C588584925908C25001C2082 /* Release */,
			);
			defaultConfigurationIsVisible = 0;
			defaultConfigurationName = Release;
		};
		C588584A25908C25001C2082 /* Build configuration list for PBXNativeTarget "SlideshowApp" */ = {
			isa = XCConfigurationList;
			buildConfigurations = (
				C588584B25908C25001C2082 /* Debug */,
				C588584C25908C25001C2082 /* Release */,
			);
			defaultConfigurationIsVisible = 0;
			defaultConfigurationName = Release;
		};
/* End XCConfigurationList section */
	};
	rootObject = C588582E25908C1E001C2082 /* Project object */;
}
